
Microsoft Visual Studio Solution File, Format Version 12.00
# Visual Studio Version 17
VisualStudioVersion = 17.0.31903.59
MinimumVisualStudioVersion = 10.0.40219.1
Project("{FAE04EC0-301F-11D3-BF4B-00C04F79EFBC}") = "TodoApi", "server\TodoApi.csproj", "{6F4A9B5B-5E34-4B4B-A1B2-1D9D0F8E2A71}"
EndProject
Project("{2150E333-8FDC-42A3-9474-1A3956D46DE8}") = "tests", "tests", "{0AB3BF05-4346-4AA6-1389-037BE0695223}"
EndProject
Project("{FAE04EC0-301F-11D3-BF4B-00C04F79EFBC}") = "TodoApi.Tests", "tests\TodoApi.Tests\TodoApi.Tests.csproj", "{F2DC2BB1-D70B-4E43-9A9B-FA1FEF2471CC}"
EndProject
Project("{2150E333-8FDC-42A3-9474-1A3956D46DE8}") = "server", "server", "{DAD03CFC-D5FA-AC94-41C7-9ABAB326F09E}"
EndProject
Global
	GlobalSection(SolutionConfigurationPlatforms) = preSolution
		Debug|Any CPU = Debug|Any CPU
		Debug|x64 = Debug|x64
		Debug|x86 = Debug|x86
		Release|Any CPU = Release|Any CPU
		Release|x64 = Release|x64
		Release|x86 = Release|x86
	EndGlobalSection
	GlobalSection(ProjectConfigurationPlatforms) = postSolution
		{6F4A9B5B-5E34-4B4B-A1B2-1D9D0F8E2A71}.Debug|Any CPU.ActiveCfg = Debug|Any CPU
		{6F4A9B5B-5E34-4B4B-A1B2-1D9D0F8E2A71}.Debug|Any CPU.Build.0 = Debug|Any CPU
		{6F4A9B5B-5E34-4B4B-A1B2-1D9D0F8E2A71}.Debug|x64.ActiveCfg = Debug|Any CPU
		{6F4A9B5B-5E34-4B4B-A1B2-1D9D0F8E2A71}.Debug|x64.Build.0 = Debug|Any CPU
		{6F4A9B5B-5E34-4B4B-A1B2-1D9D0F8E2A71}.Debug|x86.ActiveCfg = Debug|Any CPU
		{6F4A9B5B-5E34-4B4B-A1B2-1D9D0F8E2A71}.Debug|x86.Build.0 = Debug|Any CPU
		{6F4A9B5B-5E34-4B4B-A1B2-1D9D0F8E2A71}.Release|Any CPU.ActiveCfg = Release|Any CPU
		{6F4A9B5B-5E34-4B4B-A1B2-1D9D0F8E2A71}.Release|Any CPU.Build.0 = Release|Any CPU
		{6F4A9B5B-5E34-4B4B-A1B2-1D9D0F8E2A71}.Release|x64.ActiveCfg = Release|Any CPU
		{6F4A9B5B-5E34-4B4B-A1B2-1D9D0F8E2A71}.Release|x64.Build.0 = Release|Any CPU
		{6F4A9B5B-5E34-4B4B-A1B2-1D9D0F8E2A71}.Release|x86.ActiveCfg = Release|Any CPU
		{6F4A9B5B-5E34-4B4B-A1B2-1D9D0F8E2A71}.Release|x86.Build.0 = Release|Any CPU
		{F2DC2BB1-D70B-4E43-9A9B-FA1FEF2471CC}.Debug|Any CPU.ActiveCfg = Debug|Any CPU
		{F2DC2BB1-D70B-4E43-9A9B-FA1FEF2471CC}.Debug|Any CPU.Build.0 = Debug|Any CPU
		{F2DC2BB1-D70B-4E43-9A9B-FA1FEF2471CC}.Debug|x64.ActiveCfg = Debug|Any CPU
		{F2DC2BB1-D70B-4E43-9A9B-FA1FEF2471CC}.Debug|x64.Build.0 = Debug|Any CPU
		{F2DC2BB1-D70B-4E43-9A9B-FA1FEF2471CC}.Debug|x86.ActiveCfg = Debug|Any CPU
		{F2DC2BB1-D70B-4E43-9A9B-FA1FEF2471CC}.Debug|x86.Build.0 = Debug|Any CPU
		{F2DC2BB1-D70B-4E43-9A9B-FA1FEF2471CC}.Release|Any CPU.ActiveCfg = Release|Any CPU
		{F2DC2BB1-D70B-4E43-9A9B-FA1FEF2471CC}.Release|Any CPU.Build.0 = Release|Any CPU
		{F2DC2BB1-D70B-4E43-9A9B-FA1FEF2471CC}.Release|x64.ActiveCfg = Release|Any CPU
		{F2DC2BB1-D70B-4E43-9A9B-FA1FEF2471CC}.Release|x64.Build.0 = Release|Any CPU
		{F2DC2BB1-D70B-4E43-9A9B-FA1FEF2471CC}.Release|x86.ActiveCfg = Release|Any CPU
		{F2DC2BB1-D70B-4E43-9A9B-FA1FEF2471CC}.Release|x86.Build.0 = Release|Any CPU
	EndGlobalSection
	GlobalSection(SolutionProperties) = preSolution
		HideSolutionNode = FALSE
	EndGlobalSection
	GlobalSection(NestedProjects) = preSolution
		{F2DC2BB1-D70B-4E43-9A9B-FA1FEF2471CC} = {0AB3BF05-4346-4AA6-1389-037BE0695223}
	EndGlobalSection
EndGlobal
